
Microsoft Visual Studio Solution File, Format Version 12.00
# Visual Studio Version 17
VisualStudioVersion = 17.4.33110.190
MinimumVisualStudioVersion = 10.0.40219.1
Project("{FAE04EC0-301F-11D3-BF4B-00C04F79EFBC}") = "LibaryMng", "LibaryMng\LibaryMng.csproj", "{43D0DBD2-E541-40C2-95CD-7BE37BE27129}"
EndProject
Global
	GlobalSection(SolutionConfigurationPlatforms) = preSolution
		Debug|Any CPU = Debug|Any CPU
		Release|Any CPU = Release|Any CPU
	EndGlobalSection
	GlobalSection(ProjectConfigurationPlatforms) = postSolution
		{43D0DBD2-E541-40C2-95CD-7BE37BE27129}.Debug|Any CPU.ActiveCfg = Debug|Any CPU
		{43D0DBD2-E541-40C2-95CD-7BE37BE27129}.Debug|Any CPU.Build.0 = Debug|Any CPU
		{43D0DBD2-E541-40C2-95CD-7BE37BE27129}.Release|Any CPU.ActiveCfg = Release|Any CPU
		{43D0DBD2-E541-40C2-95CD-7BE37BE27129}.Release|Any CPU.Build.0 = Release|Any CPU
	EndGlobalSection
	GlobalSection(SolutionProperties) = preSolution
		HideSolutionNode = FALSE
	EndGlobalSection
	GlobalSection(ExtensibilityGlobals) = postSolution
		SolutionGuid = {85414026-7BF1-4640-8E9E-54F54C0EA3D6}
	EndGlobalSection
EndGlobal
